<?xml version="1.0" encoding="utf-8"?>
<Project ToolsVersion="17.0" xmlns="http://schemas.microsoft.com/developer/msbuild/2003">
  <ItemGroup>
    <ClCompile Include="C:\cpp\fourth_cpp\cmake2\cmakeTriangles\triangles\Figure.cpp">
      <Filter>Source Files</Filter>
    </ClCompile>
    <ClCompile Include="C:\cpp\fourth_cpp\cmake2\cmakeTriangles\triangles\Triangle.cpp">
      <Filter>Source Files</Filter>
    </ClCompile>
    <ClCompile Include="C:\cpp\fourth_cpp\cmake2\cmakeTriangles\triangles\Isosceles_triangle.cpp">
      <Filter>Source Files</Filter>
    </ClCompile>
    <ClCompile Include="C:\cpp\fourth_cpp\cmake2\cmakeTriangles\triangles\Equilateral_triangle.cpp">
      <Filter>Source Files</Filter>
    </ClCompile>
    <ClCompile Include="C:\cpp\fourth_cpp\cmake2\cmakeTriangles\triangles\Right_triangle.cpp">
      <Filter>Source Files</Filter>
    </ClCompile>
    <ClCompile Include="C:\cpp\fourth_cpp\cmake2\cmakeTriangles\triangles\Quadrangle.cpp">
      <Filter>Source Files</Filter>
    </ClCompile>
    <ClCompile Include="C:\cpp\fourth_cpp\cmake2\cmakeTriangles\triangles\Rectangle.cpp">
      <Filter>Source Files</Filter>
    </ClCompile>
    <ClCompile Include="C:\cpp\fourth_cpp\cmake2\cmakeTriangles\triangles\Square.cpp">
      <Filter>Source Files</Filter>
    </ClCompile>
    <ClCompile Include="C:\cpp\fourth_cpp\cmake2\cmakeTriangles\triangles\Rhombus.cpp">
      <Filter>Source Files</Filter>
    </ClCompile>
    <ClCompile Include="C:\cpp\fourth_cpp\cmake2\cmakeTriangles\triangles\Parallelogram.cpp">
      <Filter>Source Files</Filter>
    </ClCompile>
  </ItemGroup>
  <ItemGroup>
    <ClInclude Include="C:\cpp\fourth_cpp\cmake2\cmakeTriangles\triangles\Figure.h">
      <Filter>Header Files</Filter>
    </ClInclude>
    <ClInclude Include="C:\cpp\fourth_cpp\cmake2\cmakeTriangles\triangles\Triangle.h">
      <Filter>Header Files</Filter>
    </ClInclude>
  </ItemGroup>
  <ItemGroup>
    <CustomBuild Include="C:\cpp\fourth_cpp\cmake2\cmakeTriangles\triangles\CMakeLists.txt" />
  </ItemGroup>
  <ItemGroup>
    <Filter Include="Header Files">
      <UniqueIdentifier>{7A8FBB77-88B4-30F7-ABFF-ACCF7DB2FE26}</UniqueIdentifier>
    </Filter>
    <Filter Include="Source Files">
      <UniqueIdentifier>{15437C55-0D59-325B-A189-5263CA7255BB}</UniqueIdentifier>
    </Filter>
  </ItemGroup>
</Project>
